// !$*UTF8*$!
{
	archiveVersion = 1;
	classes = {
	};
	objectVersion = 46;
	objects = {

/* Begin PBXBuildFile section */
		2058CE3374E30452F661A70F /* Pods_Skeleton.framework in Frameworks */ = {isa = PBXBuildFile; fileRef = A59D09B1F88F736C86AAB33B /* Pods_Skeleton.framework */; };
		3700C1731EA94EFB00EC5FF3 /* Review.swift in Sources */ = {isa = PBXBuildFile; fileRef = 3700C1721EA94EFB00EC5FF3 /* Review.swift */; };
		3700C1751EA9636E00EC5FF3 /* ReviewsView.swift in Sources */ = {isa = PBXBuildFile; fileRef = 3700C1741EA9636E00EC5FF3 /* ReviewsView.swift */; };
		3707CDC61EAA9B3E007D4DBC /* signInViewController.swift in Sources */ = {isa = PBXBuildFile; fileRef = 3707CDC51EAA9B3E007D4DBC /* signInViewController.swift */; };
		3707CDC81EAAA926007D4DBC /* User.swift in Sources */ = {isa = PBXBuildFile; fileRef = 3707CDC71EAAA926007D4DBC /* User.swift */; };
		371DE53A1EABF17600D0184C /* courseToDeptMapper.swift in Sources */ = {isa = PBXBuildFile; fileRef = 371DE5391EABF17600D0184C /* courseToDeptMapper.swift */; };
		371DE53C1EABF6C400D0184C /* Favorite.swift in Sources */ = {isa = PBXBuildFile; fileRef = 371DE53B1EABF6C400D0184C /* Favorite.swift */; };
		371DE5401EAC025800D0184C /* favoritesViewController.swift in Sources */ = {isa = PBXBuildFile; fileRef = 371DE53F1EAC025800D0184C /* favoritesViewController.swift */; };
		371DE5421EAC1D1300D0184C /* addCourseViewController.swift in Sources */ = {isa = PBXBuildFile; fileRef = 371DE5411EAC1D1300D0184C /* addCourseViewController.swift */; };
		376B4E4B1E9C3BBA00D7DDC7 /* DBManager.swift in Sources */ = {isa = PBXBuildFile; fileRef = 376B4E4A1E9C3BBA00D7DDC7 /* DBManager.swift */; };
		376B4E4D1E9C3C2100D7DDC7 /* Course.swift in Sources */ = {isa = PBXBuildFile; fileRef = 376B4E4C1E9C3C2100D7DDC7 /* Course.swift */; };
		376B4E511E9C49EF00D7DDC7 /* courseDetailViewController.swift in Sources */ = {isa = PBXBuildFile; fileRef = 376B4E501E9C49EF00D7DDC7 /* courseDetailViewController.swift */; };
		37AFE3C71EA415E800F80FF7 /* createReviewViewController.swift in Sources */ = {isa = PBXBuildFile; fileRef = 37AFE3C61EA415E800F80FF7 /* createReviewViewController.swift */; };
		37BAADFC1EAD4C30000625D4 /* DisplayView.swift in Sources */ = {isa = PBXBuildFile; fileRef = 37BAADFB1EAD4C30000625D4 /* DisplayView.swift */; };
		37BAADFE1EAD639B000625D4 /* reviewDetailViewController.swift in Sources */ = {isa = PBXBuildFile; fileRef = 37BAADFD1EAD639B000625D4 /* reviewDetailViewController.swift */; };
		37BAAE001EAD7222000625D4 /* yourReviewsViewController.swift in Sources */ = {isa = PBXBuildFile; fileRef = 37BAADFF1EAD7222000625D4 /* yourReviewsViewController.swift */; };
		611A84491E9ADFC20058891D /* AppDelegate.swift in Sources */ = {isa = PBXBuildFile; fileRef = 611A84481E9ADFC20058891D /* AppDelegate.swift */; };
		611A844B1E9ADFC20058891D /* FirstViewController.swift in Sources */ = {isa = PBXBuildFile; fileRef = 611A844A1E9ADFC20058891D /* FirstViewController.swift */; };
		611A844D1E9ADFC20058891D /* SecondViewController.swift in Sources */ = {isa = PBXBuildFile; fileRef = 611A844C1E9ADFC20058891D /* SecondViewController.swift */; };
		611A84501E9ADFC20058891D /* Main.storyboard in Resources */ = {isa = PBXBuildFile; fileRef = 611A844E1E9ADFC20058891D /* Main.storyboard */; };
		611A84521E9ADFC20058891D /* Assets.xcassets in Resources */ = {isa = PBXBuildFile; fileRef = 611A84511E9ADFC20058891D /* Assets.xcassets */; };
		611A84551E9ADFC20058891D /* LaunchScreen.storyboard in Resources */ = {isa = PBXBuildFile; fileRef = 611A84531E9ADFC20058891D /* LaunchScreen.storyboard */; };
		611A84601E9ADFC20058891D /* SkeletonTests.swift in Sources */ = {isa = PBXBuildFile; fileRef = 611A845F1E9ADFC20058891D /* SkeletonTests.swift */; };
		611A846B1E9ADFC20058891D /* SkeletonUITests.swift in Sources */ = {isa = PBXBuildFile; fileRef = 611A846A1E9ADFC20058891D /* SkeletonUITests.swift */; };
		611A84791E9AF8FE0058891D /* ResultsView.swift in Sources */ = {isa = PBXBuildFile; fileRef = 611A84781E9AF8FE0058891D /* ResultsView.swift */; };
/* End PBXBuildFile section */

/* Begin PBXContainerItemProxy section */
		611A845C1E9ADFC20058891D /* PBXContainerItemProxy */ = {
			isa = PBXContainerItemProxy;
			containerPortal = 611A843D1E9ADFC20058891D /* Project object */;
			proxyType = 1;
			remoteGlobalIDString = 611A84441E9ADFC20058891D;
			remoteInfo = Skeleton;
		};
		611A84671E9ADFC20058891D /* PBXContainerItemProxy */ = {
			isa = PBXContainerItemProxy;
			containerPortal = 611A843D1E9ADFC20058891D /* Project object */;
			proxyType = 1;
			remoteGlobalIDString = 611A84441E9ADFC20058891D;
			remoteInfo = Skeleton;
		};
/* End PBXContainerItemProxy section */

/* Begin PBXFileReference section */
		3700C1721EA94EFB00EC5FF3 /* Review.swift */ = {isa = PBXFileReference; fileEncoding = 4; lastKnownFileType = sourcecode.swift; path = Review.swift; sourceTree = "<group>"; };
		3700C1741EA9636E00EC5FF3 /* ReviewsView.swift */ = {isa = PBXFileReference; fileEncoding = 4; lastKnownFileType = sourcecode.swift; path = ReviewsView.swift; sourceTree = "<group>"; };
		3707CDC51EAA9B3E007D4DBC /* signInViewController.swift */ = {isa = PBXFileReference; fileEncoding = 4; lastKnownFileType = sourcecode.swift; path = signInViewController.swift; sourceTree = "<group>"; };
		3707CDC71EAAA926007D4DBC /* User.swift */ = {isa = PBXFileReference; fileEncoding = 4; lastKnownFileType = sourcecode.swift; path = User.swift; sourceTree = "<group>"; };
		371DE5391EABF17600D0184C /* courseToDeptMapper.swift */ = {isa = PBXFileReference; fileEncoding = 4; lastKnownFileType = sourcecode.swift; path = courseToDeptMapper.swift; sourceTree = "<group>"; };
		371DE53B1EABF6C400D0184C /* Favorite.swift */ = {isa = PBXFileReference; fileEncoding = 4; lastKnownFileType = sourcecode.swift; path = Favorite.swift; sourceTree = "<group>"; };
		371DE53F1EAC025800D0184C /* favoritesViewController.swift */ = {isa = PBXFileReference; fileEncoding = 4; lastKnownFileType = sourcecode.swift; path = favoritesViewController.swift; sourceTree = "<group>"; };
		371DE5411EAC1D1300D0184C /* addCourseViewController.swift */ = {isa = PBXFileReference; fileEncoding = 4; lastKnownFileType = sourcecode.swift; path = addCourseViewController.swift; sourceTree = "<group>"; };
		376B4E4A1E9C3BBA00D7DDC7 /* DBManager.swift */ = {isa = PBXFileReference; fileEncoding = 4; lastKnownFileType = sourcecode.swift; path = DBManager.swift; sourceTree = "<group>"; };
		376B4E4C1E9C3C2100D7DDC7 /* Course.swift */ = {isa = PBXFileReference; fileEncoding = 4; lastKnownFileType = sourcecode.swift; path = Course.swift; sourceTree = "<group>"; };
		376B4E501E9C49EF00D7DDC7 /* courseDetailViewController.swift */ = {isa = PBXFileReference; fileEncoding = 4; lastKnownFileType = sourcecode.swift; path = courseDetailViewController.swift; sourceTree = "<group>"; };
		37AFE3C61EA415E800F80FF7 /* createReviewViewController.swift */ = {isa = PBXFileReference; fileEncoding = 4; lastKnownFileType = sourcecode.swift; path = createReviewViewController.swift; sourceTree = "<group>"; };
		37BAADFB1EAD4C30000625D4 /* DisplayView.swift */ = {isa = PBXFileReference; fileEncoding = 4; lastKnownFileType = sourcecode.swift; path = DisplayView.swift; sourceTree = "<group>"; };
		37BAADFD1EAD639B000625D4 /* reviewDetailViewController.swift */ = {isa = PBXFileReference; fileEncoding = 4; lastKnownFileType = sourcecode.swift; path = reviewDetailViewController.swift; sourceTree = "<group>"; };
		37BAADFF1EAD7222000625D4 /* yourReviewsViewController.swift */ = {isa = PBXFileReference; fileEncoding = 4; lastKnownFileType = sourcecode.swift; path = yourReviewsViewController.swift; sourceTree = "<group>"; };
		611A84451E9ADFC20058891D /* Skeleton.app */ = {isa = PBXFileReference; explicitFileType = wrapper.application; includeInIndex = 0; path = Skeleton.app; sourceTree = BUILT_PRODUCTS_DIR; };
		611A84481E9ADFC20058891D /* AppDelegate.swift */ = {isa = PBXFileReference; lastKnownFileType = sourcecode.swift; path = AppDelegate.swift; sourceTree = "<group>"; };
		611A844A1E9ADFC20058891D /* FirstViewController.swift */ = {isa = PBXFileReference; lastKnownFileType = sourcecode.swift; path = FirstViewController.swift; sourceTree = "<group>"; };
		611A844C1E9ADFC20058891D /* SecondViewController.swift */ = {isa = PBXFileReference; lastKnownFileType = sourcecode.swift; path = SecondViewController.swift; sourceTree = "<group>"; };
		611A844F1E9ADFC20058891D /* Base */ = {isa = PBXFileReference; lastKnownFileType = file.storyboard; name = Base; path = Base.lproj/Main.storyboard; sourceTree = "<group>"; };
		611A84511E9ADFC20058891D /* Assets.xcassets */ = {isa = PBXFileReference; lastKnownFileType = folder.assetcatalog; path = Assets.xcassets; sourceTree = "<group>"; };
		611A84541E9ADFC20058891D /* Base */ = {isa = PBXFileReference; lastKnownFileType = file.storyboard; name = Base; path = Base.lproj/LaunchScreen.storyboard; sourceTree = "<group>"; };
		611A84561E9ADFC20058891D /* Info.plist */ = {isa = PBXFileReference; lastKnownFileType = text.plist.xml; path = Info.plist; sourceTree = "<group>"; };
		611A845B1E9ADFC20058891D /* SkeletonTests.xctest */ = {isa = PBXFileReference; explicitFileType = wrapper.cfbundle; includeInIndex = 0; path = SkeletonTests.xctest; sourceTree = BUILT_PRODUCTS_DIR; };
		611A845F1E9ADFC20058891D /* SkeletonTests.swift */ = {isa = PBXFileReference; lastKnownFileType = sourcecode.swift; path = SkeletonTests.swift; sourceTree = "<group>"; };
		611A84611E9ADFC20058891D /* Info.plist */ = {isa = PBXFileReference; lastKnownFileType = text.plist.xml; path = Info.plist; sourceTree = "<group>"; };
		611A84661E9ADFC20058891D /* SkeletonUITests.xctest */ = {isa = PBXFileReference; explicitFileType = wrapper.cfbundle; includeInIndex = 0; path = SkeletonUITests.xctest; sourceTree = BUILT_PRODUCTS_DIR; };
		611A846A1E9ADFC20058891D /* SkeletonUITests.swift */ = {isa = PBXFileReference; lastKnownFileType = sourcecode.swift; path = SkeletonUITests.swift; sourceTree = "<group>"; };
		611A846C1E9ADFC20058891D /* Info.plist */ = {isa = PBXFileReference; lastKnownFileType = text.plist.xml; path = Info.plist; sourceTree = "<group>"; };
		611A84781E9AF8FE0058891D /* ResultsView.swift */ = {isa = PBXFileReference; fileEncoding = 4; lastKnownFileType = sourcecode.swift; path = ResultsView.swift; sourceTree = "<group>"; };
		A59D09B1F88F736C86AAB33B /* Pods_Skeleton.framework */ = {isa = PBXFileReference; explicitFileType = wrapper.framework; includeInIndex = 0; path = Pods_Skeleton.framework; sourceTree = BUILT_PRODUCTS_DIR; };
		AB7CA16219C2F455AB6E484C /* Pods-Skeleton.release.xcconfig */ = {isa = PBXFileReference; includeInIndex = 1; lastKnownFileType = text.xcconfig; name = "Pods-Skeleton.release.xcconfig"; path = "Pods/Target Support Files/Pods-Skeleton/Pods-Skeleton.release.xcconfig"; sourceTree = "<group>"; };
		C2C2E44EA20B466FF50F1831 /* Pods-Skeleton.debug.xcconfig */ = {isa = PBXFileReference; includeInIndex = 1; lastKnownFileType = text.xcconfig; name = "Pods-Skeleton.debug.xcconfig"; path = "Pods/Target Support Files/Pods-Skeleton/Pods-Skeleton.debug.xcconfig"; sourceTree = "<group>"; };
/* End PBXFileReference section */

/* Begin PBXFrameworksBuildPhase section */
		611A84421E9ADFC20058891D /* Frameworks */ = {
			isa = PBXFrameworksBuildPhase;
			buildActionMask = 2147483647;
			files = (
				2058CE3374E30452F661A70F /* Pods_Skeleton.framework in Frameworks */,
			);
			runOnlyForDeploymentPostprocessing = 0;
		};
		611A84581E9ADFC20058891D /* Frameworks */ = {
			isa = PBXFrameworksBuildPhase;
			buildActionMask = 2147483647;
			files = (
			);
			runOnlyForDeploymentPostprocessing = 0;
		};
		611A84631E9ADFC20058891D /* Frameworks */ = {
			isa = PBXFrameworksBuildPhase;
			buildActionMask = 2147483647;
			files = (
			);
			runOnlyForDeploymentPostprocessing = 0;
		};
/* End PBXFrameworksBuildPhase section */

/* Begin PBXGroup section */
		611A843C1E9ADFC20058891D = {
			isa = PBXGroup;
			children = (
				611A84471E9ADFC20058891D /* Skeleton */,
				611A845E1E9ADFC20058891D /* SkeletonTests */,
				611A84691E9ADFC20058891D /* SkeletonUITests */,
				611A84461E9ADFC20058891D /* Products */,
				A9D4FEA04798AED3FCD8FCCA /* Pods */,
				7181AF5731F548497E122AB1 /* Frameworks */,
			);
			sourceTree = "<group>";
		};
		611A84461E9ADFC20058891D /* Products */ = {
			isa = PBXGroup;
			children = (
				611A84451E9ADFC20058891D /* Skeleton.app */,
				611A845B1E9ADFC20058891D /* SkeletonTests.xctest */,
				611A84661E9ADFC20058891D /* SkeletonUITests.xctest */,
			);
			name = Products;
			sourceTree = "<group>";
		};
		611A84471E9ADFC20058891D /* Skeleton */ = {
			isa = PBXGroup;
			children = (
				611A84481E9ADFC20058891D /* AppDelegate.swift */,
				611A844A1E9ADFC20058891D /* FirstViewController.swift */,
				611A844C1E9ADFC20058891D /* SecondViewController.swift */,
				611A844E1E9ADFC20058891D /* Main.storyboard */,
				611A84511E9ADFC20058891D /* Assets.xcassets */,
				611A84531E9ADFC20058891D /* LaunchScreen.storyboard */,
				611A84561E9ADFC20058891D /* Info.plist */,
				611A84781E9AF8FE0058891D /* ResultsView.swift */,
				376B4E4A1E9C3BBA00D7DDC7 /* DBManager.swift */,
				376B4E4C1E9C3C2100D7DDC7 /* Course.swift */,
				376B4E501E9C49EF00D7DDC7 /* courseDetailViewController.swift */,
				37AFE3C61EA415E800F80FF7 /* createReviewViewController.swift */,
				3700C1721EA94EFB00EC5FF3 /* Review.swift */,
				3700C1741EA9636E00EC5FF3 /* ReviewsView.swift */,
				3707CDC51EAA9B3E007D4DBC /* signInViewController.swift */,
				3707CDC71EAAA926007D4DBC /* User.swift */,
				371DE5391EABF17600D0184C /* courseToDeptMapper.swift */,
				371DE53B1EABF6C400D0184C /* Favorite.swift */,
				371DE53F1EAC025800D0184C /* favoritesViewController.swift */,
				371DE5411EAC1D1300D0184C /* addCourseViewController.swift */,
				37BAADFB1EAD4C30000625D4 /* DisplayView.swift */,
				37BAADFD1EAD639B000625D4 /* reviewDetailViewController.swift */,
				37BAADFF1EAD7222000625D4 /* yourReviewsViewController.swift */,
			);
			path = Skeleton;
			sourceTree = "<group>";
		};
		611A845E1E9ADFC20058891D /* SkeletonTests */ = {
			isa = PBXGroup;
			children = (
				611A845F1E9ADFC20058891D /* SkeletonTests.swift */,
				611A84611E9ADFC20058891D /* Info.plist */,
			);
			path = SkeletonTests;
			sourceTree = "<group>";
		};
		611A84691E9ADFC20058891D /* SkeletonUITests */ = {
			isa = PBXGroup;
			children = (
				611A846A1E9ADFC20058891D /* SkeletonUITests.swift */,
				611A846C1E9ADFC20058891D /* Info.plist */,
			);
			path = SkeletonUITests;
			sourceTree = "<group>";
		};
		7181AF5731F548497E122AB1 /* Frameworks */ = {
			isa = PBXGroup;
			children = (
				A59D09B1F88F736C86AAB33B /* Pods_Skeleton.framework */,
			);
			name = Frameworks;
			sourceTree = "<group>";
		};
		A9D4FEA04798AED3FCD8FCCA /* Pods */ = {
			isa = PBXGroup;
			children = (
				C2C2E44EA20B466FF50F1831 /* Pods-Skeleton.debug.xcconfig */,
				AB7CA16219C2F455AB6E484C /* Pods-Skeleton.release.xcconfig */,
			);
			name = Pods;
			sourceTree = "<group>";
		};
/* End PBXGroup section */

/* Begin PBXNativeTarget section */
		611A84441E9ADFC20058891D /* Skeleton */ = {
			isa = PBXNativeTarget;
			buildConfigurationList = 611A846F1E9ADFC20058891D /* Build configuration list for PBXNativeTarget "Skeleton" */;
			buildPhases = (
				44AC08388A49170A5D4FB273 /* [CP] Check Pods Manifest.lock */,
				611A84411E9ADFC20058891D /* Sources */,
				611A84421E9ADFC20058891D /* Frameworks */,
				611A84431E9ADFC20058891D /* Resources */,
				8C59CC0A6EE2949251E03CF7 /* [CP] Embed Pods Frameworks */,
				365797774ACC9ADEE756E24F /* [CP] Copy Pods Resources */,
			);
			buildRules = (
			);
			dependencies = (
			);
			name = Skeleton;
			productName = Skeleton;
			productReference = 611A84451E9ADFC20058891D /* Skeleton.app */;
			productType = "com.apple.product-type.application";
		};
		611A845A1E9ADFC20058891D /* SkeletonTests */ = {
			isa = PBXNativeTarget;
			buildConfigurationList = 611A84721E9ADFC20058891D /* Build configuration list for PBXNativeTarget "SkeletonTests" */;
			buildPhases = (
				611A84571E9ADFC20058891D /* Sources */,
				611A84581E9ADFC20058891D /* Frameworks */,
				611A84591E9ADFC20058891D /* Resources */,
			);
			buildRules = (
			);
			dependencies = (
				611A845D1E9ADFC20058891D /* PBXTargetDependency */,
			);
			name = SkeletonTests;
			productName = SkeletonTests;
			productReference = 611A845B1E9ADFC20058891D /* SkeletonTests.xctest */;
			productType = "com.apple.product-type.bundle.unit-test";
		};
		611A84651E9ADFC20058891D /* SkeletonUITests */ = {
			isa = PBXNativeTarget;
			buildConfigurationList = 611A84751E9ADFC20058891D /* Build configuration list for PBXNativeTarget "SkeletonUITests" */;
			buildPhases = (
				611A84621E9ADFC20058891D /* Sources */,
				611A84631E9ADFC20058891D /* Frameworks */,
				611A84641E9ADFC20058891D /* Resources */,
			);
			buildRules = (
			);
			dependencies = (
				611A84681E9ADFC20058891D /* PBXTargetDependency */,
			);
			name = SkeletonUITests;
			productName = SkeletonUITests;
			productReference = 611A84661E9ADFC20058891D /* SkeletonUITests.xctest */;
			productType = "com.apple.product-type.bundle.ui-testing";
		};
/* End PBXNativeTarget section */

/* Begin PBXProject section */
		611A843D1E9ADFC20058891D /* Project object */ = {
			isa = PBXProject;
			attributes = {
				LastSwiftUpdateCheck = 0820;
				LastUpgradeCheck = 0820;
				ORGANIZATIONNAME = JohnGarza;
				TargetAttributes = {
					611A84441E9ADFC20058891D = {
						CreatedOnToolsVersion = 8.2.1;
						DevelopmentTeam = P2HPYX753R;
						ProvisioningStyle = Automatic;
					};
					611A845A1E9ADFC20058891D = {
						CreatedOnToolsVersion = 8.2.1;
						ProvisioningStyle = Automatic;
						TestTargetID = 611A84441E9ADFC20058891D;
					};
					611A84651E9ADFC20058891D = {
						CreatedOnToolsVersion = 8.2.1;
						ProvisioningStyle = Automatic;
						TestTargetID = 611A84441E9ADFC20058891D;
					};
				};
			};
			buildConfigurationList = 611A84401E9ADFC20058891D /* Build configuration list for PBXProject "Skeleton" */;
			compatibilityVersion = "Xcode 3.2";
			developmentRegion = English;
			hasScannedForEncodings = 0;
			knownRegions = (
				en,
				Base,
			);
			mainGroup = 611A843C1E9ADFC20058891D;
			productRefGroup = 611A84461E9ADFC20058891D /* Products */;
			projectDirPath = "";
			projectRoot = "";
			targets = (
				611A84441E9ADFC20058891D /* Skeleton */,
				611A845A1E9ADFC20058891D /* SkeletonTests */,
				611A84651E9ADFC20058891D /* SkeletonUITests */,
			);
		};
/* End PBXProject section */

/* Begin PBXResourcesBuildPhase section */
		611A84431E9ADFC20058891D /* Resources */ = {
			isa = PBXResourcesBuildPhase;
			buildActionMask = 2147483647;
			files = (
				611A84551E9ADFC20058891D /* LaunchScreen.storyboard in Resources */,
				611A84521E9ADFC20058891D /* Assets.xcassets in Resources */,
				611A84501E9ADFC20058891D /* Main.storyboard in Resources */,
			);
			runOnlyForDeploymentPostprocessing = 0;
		};
		611A84591E9ADFC20058891D /* Resources */ = {
			isa = PBXResourcesBuildPhase;
			buildActionMask = 2147483647;
			files = (
			);
			runOnlyForDeploymentPostprocessing = 0;
		};
		611A84641E9ADFC20058891D /* Resources */ = {
			isa = PBXResourcesBuildPhase;
			buildActionMask = 2147483647;
			files = (
			);
			runOnlyForDeploymentPostprocessing = 0;
		};
/* End PBXResourcesBuildPhase section */

/* Begin PBXShellScriptBuildPhase section */
		365797774ACC9ADEE756E24F /* [CP] Copy Pods Resources */ = {
			isa = PBXShellScriptBuildPhase;
			buildActionMask = 2147483647;
			files = (
			);
			inputPaths = (
			);
			name = "[CP] Copy Pods Resources";
			outputPaths = (
			);
			runOnlyForDeploymentPostprocessing = 0;
			shellPath = /bin/sh;
			shellScript = "\"${SRCROOT}/Pods/Target Support Files/Pods-Skeleton/Pods-Skeleton-resources.sh\"\n";
			showEnvVarsInLog = 0;
		};
		44AC08388A49170A5D4FB273 /* [CP] Check Pods Manifest.lock */ = {
			isa = PBXShellScriptBuildPhase;
			buildActionMask = 2147483647;
			files = (
			);
			inputPaths = (
			);
			name = "[CP] Check Pods Manifest.lock";
			outputPaths = (
			);
			runOnlyForDeploymentPostprocessing = 0;
			shellPath = /bin/sh;
			shellScript = "diff \"${PODS_ROOT}/../Podfile.lock\" \"${PODS_ROOT}/Manifest.lock\" > /dev/null\nif [ $? != 0 ] ; then\n    # print error to STDERR\n    echo \"error: The sandbox is not in sync with the Podfile.lock. Run 'pod install' or update your CocoaPods installation.\" >&2\n    exit 1\nfi\n";
			showEnvVarsInLog = 0;
		};
		8C59CC0A6EE2949251E03CF7 /* [CP] Embed Pods Frameworks */ = {
			isa = PBXShellScriptBuildPhase;
			buildActionMask = 2147483647;
			files = (
			);
			inputPaths = (
			);
			name = "[CP] Embed Pods Frameworks";
			outputPaths = (
			);
			runOnlyForDeploymentPostprocessing = 0;
			shellPath = /bin/sh;
			shellScript = "\"${SRCROOT}/Pods/Target Support Files/Pods-Skeleton/Pods-Skeleton-frameworks.sh\"\n";
			showEnvVarsInLog = 0;
		};
/* End PBXShellScriptBuildPhase section */

/* Begin PBXSourcesBuildPhase section */
		611A84411E9ADFC20058891D /* Sources */ = {
			isa = PBXSourcesBuildPhase;
			buildActionMask = 2147483647;
			files = (
				37BAADFC1EAD4C30000625D4 /* DisplayView.swift in Sources */,
				37AFE3C71EA415E800F80FF7 /* createReviewViewController.swift in Sources */,
				371DE5421EAC1D1300D0184C /* addCourseViewController.swift in Sources */,
				371DE53C1EABF6C400D0184C /* Favorite.swift in Sources */,
				376B4E4D1E9C3C2100D7DDC7 /* Course.swift in Sources */,
				3700C1731EA94EFB00EC5FF3 /* Review.swift in Sources */,
				3707CDC61EAA9B3E007D4DBC /* signInViewController.swift in Sources */,
				376B4E4B1E9C3BBA00D7DDC7 /* DBManager.swift in Sources */,
				3700C1751EA9636E00EC5FF3 /* ReviewsView.swift in Sources */,
				611A844D1E9ADFC20058891D /* SecondViewController.swift in Sources */,
				611A84791E9AF8FE0058891D /* ResultsView.swift in Sources */,
				371DE5401EAC025800D0184C /* favoritesViewController.swift in Sources */,
				37BAAE001EAD7222000625D4 /* yourReviewsViewController.swift in Sources */,
				3707CDC81EAAA926007D4DBC /* User.swift in Sources */,
				611A84491E9ADFC20058891D /* AppDelegate.swift in Sources */,
				37BAADFE1EAD639B000625D4 /* reviewDetailViewController.swift in Sources */,
				611A844B1E9ADFC20058891D /* FirstViewController.swift in Sources */,
				376B4E511E9C49EF00D7DDC7 /* courseDetailViewController.swift in Sources */,
				371DE53A1EABF17600D0184C /* courseToDeptMapper.swift in Sources */,
			);
			runOnlyForDeploymentPostprocessing = 0;
		};
		611A84571E9ADFC20058891D /* Sources */ = {
			isa = PBXSourcesBuildPhase;
			buildActionMask = 2147483647;
			files = (
				611A84601E9ADFC20058891D /* SkeletonTests.swift in Sources */,
			);
			runOnlyForDeploymentPostprocessing = 0;
		};
		611A84621E9ADFC20058891D /* Sources */ = {
			isa = PBXSourcesBuildPhase;
			buildActionMask = 2147483647;
			files = (
				611A846B1E9ADFC20058891D /* SkeletonUITests.swift in Sources */,
			);
			runOnlyForDeploymentPostprocessing = 0;
		};
/* End PBXSourcesBuildPhase section */

/* Begin PBXTargetDependency section */
		611A845D1E9ADFC20058891D /* PBXTargetDependency */ = {
			isa = PBXTargetDependency;
			target = 611A84441E9ADFC20058891D /* Skeleton */;
			targetProxy = 611A845C1E9ADFC20058891D /* PBXContainerItemProxy */;
		};
		611A84681E9ADFC20058891D /* PBXTargetDependency */ = {
			isa = PBXTargetDependency;
			target = 611A84441E9ADFC20058891D /* Skeleton */;
			targetProxy = 611A84671E9ADFC20058891D /* PBXContainerItemProxy */;
		};
/* End PBXTargetDependency section */

/* Begin PBXVariantGroup section */
		611A844E1E9ADFC20058891D /* Main.storyboard */ = {
			isa = PBXVariantGroup;
			children = (
				611A844F1E9ADFC20058891D /* Base */,
			);
			name = Main.storyboard;
			sourceTree = "<group>";
		};
		611A84531E9ADFC20058891D /* LaunchScreen.storyboard */ = {
			isa = PBXVariantGroup;
			children = (
				611A84541E9ADFC20058891D /* Base */,
			);
			name = LaunchScreen.storyboard;
			sourceTree = "<group>";
		};
/* End PBXVariantGroup section */

/* Begin XCBuildConfiguration section */
		611A846D1E9ADFC20058891D /* Debug */ = {
			isa = XCBuildConfiguration;
			buildSettings = {
				ALWAYS_SEARCH_USER_PATHS = NO;
				CLANG_ANALYZER_NONNULL = YES;
				CLANG_CXX_LANGUAGE_STANDARD = "gnu++0x";
				CLANG_CXX_LIBRARY = "libc++";
				CLANG_ENABLE_MODULES = YES;
				CLANG_ENABLE_OBJC_ARC = YES;
				CLANG_WARN_BOOL_CONVERSION = YES;
				CLANG_WARN_CONSTANT_CONVERSION = YES;
				CLANG_WARN_DIRECT_OBJC_ISA_USAGE = YES_ERROR;
				CLANG_WARN_DOCUMENTATION_COMMENTS = YES;
				CLANG_WARN_EMPTY_BODY = YES;
				CLANG_WARN_ENUM_CONVERSION = YES;
				CLANG_WARN_INFINITE_RECURSION = YES;
				CLANG_WARN_INT_CONVERSION = YES;
				CLANG_WARN_OBJC_ROOT_CLASS = YES_ERROR;
				CLANG_WARN_SUSPICIOUS_MOVE = YES;
				CLANG_WARN_UNREACHABLE_CODE = YES;
				CLANG_WARN__DUPLICATE_METHOD_MATCH = YES;
				"CODE_SIGN_IDENTITY[sdk=iphoneos*]" = "iPhone Developer";
				COPY_PHASE_STRIP = NO;
				DEBUG_INFORMATION_FORMAT = dwarf;
				ENABLE_STRICT_OBJC_MSGSEND = YES;
				ENABLE_TESTABILITY = YES;
				GCC_C_LANGUAGE_STANDARD = gnu99;
				GCC_DYNAMIC_NO_PIC = NO;
				GCC_NO_COMMON_BLOCKS = YES;
				GCC_OPTIMIZATION_LEVEL = 0;
				GCC_PREPROCESSOR_DEFINITIONS = (
					"DEBUG=1",
					"$(inherited)",
				);
				GCC_WARN_64_TO_32_BIT_CONVERSION = YES;
				GCC_WARN_ABOUT_RETURN_TYPE = YES_ERROR;
				GCC_WARN_UNDECLARED_SELECTOR = YES;
				GCC_WARN_UNINITIALIZED_AUTOS = YES_AGGRESSIVE;
				GCC_WARN_UNUSED_FUNCTION = YES;
				GCC_WARN_UNUSED_VARIABLE = YES;
				IPHONEOS_DEPLOYMENT_TARGET = 10.2;
				MTL_ENABLE_DEBUG_INFO = YES;
				ONLY_ACTIVE_ARCH = YES;
				SDKROOT = iphoneos;
				SWIFT_ACTIVE_COMPILATION_CONDITIONS = DEBUG;
				SWIFT_OPTIMIZATION_LEVEL = "-Onone";
				TARGETED_DEVICE_FAMILY = "1,2";
			};
			name = Debug;
		};
		611A846E1E9ADFC20058891D /* Release */ = {
			isa = XCBuildConfiguration;
			buildSettings = {
				ALWAYS_SEARCH_USER_PATHS = NO;
				CLANG_ANALYZER_NONNULL = YES;
				CLANG_CXX_LANGUAGE_STANDARD = "gnu++0x";
				CLANG_CXX_LIBRARY = "libc++";
				CLANG_ENABLE_MODULES = YES;
				CLANG_ENABLE_OBJC_ARC = YES;
				CLANG_WARN_BOOL_CONVERSION = YES;
				CLANG_WARN_CONSTANT_CONVERSION = YES;
				CLANG_WARN_DIRECT_OBJC_ISA_USAGE = YES_ERROR;
				CLANG_WARN_DOCUMENTATION_COMMENTS = YES;
				CLANG_WARN_EMPTY_BODY = YES;
				CLANG_WARN_ENUM_CONVERSION = YES;
				CLANG_WARN_INFINITE_RECURSION = YES;
				CLANG_WARN_INT_CONVERSION = YES;
				CLANG_WARN_OBJC_ROOT_CLASS = YES_ERROR;
				CLANG_WARN_SUSPICIOUS_MOVE = YES;
				CLANG_WARN_UNREACHABLE_CODE = YES;
				CLANG_WARN__DUPLICATE_METHOD_MATCH = YES;
				"CODE_SIGN_IDENTITY[sdk=iphoneos*]" = "iPhone Developer";
				COPY_PHASE_STRIP = NO;
				DEBUG_INFORMATION_FORMAT = "dwarf-with-dsym";
				ENABLE_NS_ASSERTIONS = NO;
				ENABLE_STRICT_OBJC_MSGSEND = YES;
				GCC_C_LANGUAGE_STANDARD = gnu99;
				GCC_NO_COMMON_BLOCKS = YES;
				GCC_WARN_64_TO_32_BIT_CONVERSION = YES;
				GCC_WARN_ABOUT_RETURN_TYPE = YES_ERROR;
				GCC_WARN_UNDECLARED_SELECTOR = YES;
				GCC_WARN_UNINITIALIZED_AUTOS = YES_AGGRESSIVE;
				GCC_WARN_UNUSED_FUNCTION = YES;
				GCC_WARN_UNUSED_VARIABLE = YES;
				IPHONEOS_DEPLOYMENT_TARGET = 10.2;
				MTL_ENABLE_DEBUG_INFO = NO;
				SDKROOT = iphoneos;
				SWIFT_OPTIMIZATION_LEVEL = "-Owholemodule";
				TARGETED_DEVICE_FAMILY = "1,2";
				VALIDATE_PRODUCT = YES;
			};
			name = Release;
		};
		611A84701E9ADFC20058891D /* Debug */ = {
			isa = XCBuildConfiguration;
			baseConfigurationReference = C2C2E44EA20B466FF50F1831 /* Pods-Skeleton.debug.xcconfig */;
			buildSettings = {
				ASSETCATALOG_COMPILER_APPICON_NAME = AppIcon;
				DEVELOPMENT_TEAM = P2HPYX753R;
				INFOPLIST_FILE = Skeleton/Info.plist;
				LD_RUNPATH_SEARCH_PATHS = "$(inherited) @executable_path/Frameworks";
				PRODUCT_BUNDLE_IDENTIFIER = JohnGarza.Skeleton;
				PRODUCT_NAME = "$(TARGET_NAME)";
				SWIFT_VERSION = 3.0;
			};
			name = Debug;
		};
		611A84711E9ADFC20058891D /* Release */ = {
			isa = XCBuildConfiguration;
			baseConfigurationReference = AB7CA16219C2F455AB6E484C /* Pods-Skeleton.release.xcconfig */;
			buildSettings = {
				ASSETCATALOG_COMPILER_APPICON_NAME = AppIcon;
				DEVELOPMENT_TEAM = P2HPYX753R;
				INFOPLIST_FILE = Skeleton/Info.plist;
				LD_RUNPATH_SEARCH_PATHS = "$(inherited) @executable_path/Frameworks";
				PRODUCT_BUNDLE_IDENTIFIER = JohnGarza.Skeleton;
				PRODUCT_NAME = "$(TARGET_NAME)";
				SWIFT_VERSION = 3.0;
			};
			name = Release;
		};
		611A84731E9ADFC20058891D /* Debug */ = {
			isa = XCBuildConfiguration;
			buildSettings = {
				ALWAYS_EMBED_SWIFT_STANDARD_LIBRARIES = YES;
				BUNDLE_LOADER = "$(TEST_HOST)";
				INFOPLIST_FILE = SkeletonTests/Info.plist;
				LD_RUNPATH_SEARCH_PATHS = "$(inherited) @executable_path/Frameworks @loader_path/Frameworks";
				PRODUCT_BUNDLE_IDENTIFIER = JohnGarza.SkeletonTests;
				PRODUCT_NAME = "$(TARGET_NAME)";
				SWIFT_VERSION = 3.0;
				TEST_HOST = "$(BUILT_PRODUCTS_DIR)/Skeleton.app/Skeleton";
			};
			name = Debug;
		};
		611A84741E9ADFC20058891D /* Release */ = {
			isa = XCBuildConfiguration;
			buildSettings = {
				ALWAYS_EMBED_SWIFT_STANDARD_LIBRARIES = YES;
				BUNDLE_LOADER = "$(TEST_HOST)";
				INFOPLIST_FILE = SkeletonTests/Info.plist;
				LD_RUNPATH_SEARCH_PATHS = "$(inherited) @executable_path/Frameworks @loader_path/Frameworks";
				PRODUCT_BUNDLE_IDENTIFIER = JohnGarza.SkeletonTests;
				PRODUCT_NAME = "$(TARGET_NAME)";
				SWIFT_VERSION = 3.0;
				TEST_HOST = "$(BUILT_PRODUCTS_DIR)/Skeleton.app/Skeleton";
			};
			name = Release;
		};
		611A84761E9ADFC20058891D /* Debug */ = {
			isa = XCBuildConfiguration;
			buildSettings = {
				ALWAYS_EMBED_SWIFT_STANDARD_LIBRARIES = YES;
				INFOPLIST_FILE = SkeletonUITests/Info.plist;
				LD_RUNPATH_SEARCH_PATHS = "$(inherited) @executable_path/Frameworks @loader_path/Frameworks";
				PRODUCT_BUNDLE_IDENTIFIER = JohnGarza.SkeletonUITests;
				PRODUCT_NAME = "$(TARGET_NAME)";
				SWIFT_VERSION = 3.0;
				TEST_TARGET_NAME = Skeleton;
			};
			name = Debug;
		};
		611A84771E9ADFC20058891D /* Release */ = {
			isa = XCBuildConfiguration;
			buildSettings = {
				ALWAYS_EMBED_SWIFT_STANDARD_LIBRARIES = YES;
				INFOPLIST_FILE = SkeletonUITests/Info.plist;
				LD_RUNPATH_SEARCH_PATHS = "$(inherited) @executable_path/Frameworks @loader_path/Frameworks";
				PRODUCT_BUNDLE_IDENTIFIER = JohnGarza.SkeletonUITests;
				PRODUCT_NAME = "$(TARGET_NAME)";
				SWIFT_VERSION = 3.0;
				TEST_TARGET_NAME = Skeleton;
			};
			name = Release;
		};
/* End XCBuildConfiguration section */

/* Begin XCConfigurationList section */
		611A84401E9ADFC20058891D /* Build configuration list for PBXProject "Skeleton" */ = {
			isa = XCConfigurationList;
			buildConfigurations = (
				611A846D1E9ADFC20058891D /* Debug */,
				611A846E1E9ADFC20058891D /* Release */,
			);
			defaultConfigurationIsVisible = 0;
			defaultConfigurationName = Release;
		};
		611A846F1E9ADFC20058891D /* Build configuration list for PBXNativeTarget "Skeleton" */ = {
			isa = XCConfigurationList;
			buildConfigurations = (
				611A84701E9ADFC20058891D /* Debug */,
				611A84711E9ADFC20058891D /* Release */,
			);
			defaultConfigurationIsVisible = 0;
			defaultConfigurationName = Release;
		};
		611A84721E9ADFC20058891D /* Build configuration list for PBXNativeTarget "SkeletonTests" */ = {
			isa = XCConfigurationList;
			buildConfigurations = (
				611A84731E9ADFC20058891D /* Debug */,
				611A84741E9ADFC20058891D /* Release */,
			);
			defaultConfigurationIsVisible = 0;
			defaultConfigurationName = Release;
		};
		611A84751E9ADFC20058891D /* Build configuration list for PBXNativeTarget "SkeletonUITests" */ = {
			isa = XCConfigurationList;
			buildConfigurations = (
				611A84761E9ADFC20058891D /* Debug */,
				611A84771E9ADFC20058891D /* Release */,
			);
			defaultConfigurationIsVisible = 0;
			defaultConfigurationName = Release;
		};
/* End XCConfigurationList section */
	};
	rootObject = 611A843D1E9ADFC20058891D /* Project object */;
}
